
Microsoft Visual Studio Solution File, Format Version 12.00
# Visual Studio 15
VisualStudioVersion = 15.0.27703.2042
MinimumVisualStudioVersion = 10.0.40219.1
Project("{8BC9CEB8-8B4A-11D0-8D11-00A0C91BC942}") = "ExculsivePrefixSum", "ExculsivePrefixSum\ExculsivePrefixSum.vcxproj", "{DC2FCAE1-E7F1-45D1-B009-EEC60E4A16AA}"
EndProject
Global
	GlobalSection(SolutionConfigurationPlatforms) = preSolution
		Debug|x64 = Debug|x64
		Debug|x86 = Debug|x86
		Release|x64 = Release|x64
		Release|x86 = Release|x86
	EndGlobalSection
	GlobalSection(ProjectConfigurationPlatforms) = postSolution
		{DC2FCAE1-E7F1-45D1-B009-EEC60E4A16AA}.Debug|x64.ActiveCfg = Debug|x64
		{DC2FCAE1-E7F1-45D1-B009-EEC60E4A16AA}.Debug|x64.Build.0 = Debug|x64
		{DC2FCAE1-E7F1-45D1-B009-EEC60E4A16AA}.Debug|x86.ActiveCfg = Debug|Win32
		{DC2FCAE1-E7F1-45D1-B009-EEC60E4A16AA}.Debug|x86.Build.0 = Debug|Win32
		{DC2FCAE1-E7F1-45D1-B009-EEC60E4A16AA}.Release|x64.ActiveCfg = Release|x64
		{DC2FCAE1-E7F1-45D1-B009-EEC60E4A16AA}.Release|x64.Build.0 = Release|x64
		{DC2FCAE1-E7F1-45D1-B009-EEC60E4A16AA}.Release|x86.ActiveCfg = Release|Win32
		{DC2FCAE1-E7F1-45D1-B009-EEC60E4A16AA}.Release|x86.Build.0 = Release|Win32
	EndGlobalSection
	GlobalSection(SolutionProperties) = preSolution
		HideSolutionNode = FALSE
	EndGlobalSection
	GlobalSection(ExtensibilityGlobals) = postSolution
		SolutionGuid = {676D0C54-346D-4AA1-A920-1688CE53936C}
	EndGlobalSection
EndGlobal
